// !$*UTF8*$!
{
	archiveVersion = 1;
	classes = {
	};
	objectVersion = 50;
	objects = {

/* Begin PBXBuildFile section */
		AD5BF953223BFF9B00358D58 /* AppDelegate.swift in Sources */ = {isa = PBXBuildFile; fileRef = AD5BF952223BFF9B00358D58 /* AppDelegate.swift */; };
		AD5BF955223BFF9B00358D58 /* Home.swift in Sources */ = {isa = PBXBuildFile; fileRef = AD5BF954223BFF9B00358D58 /* Home.swift */; };
		AD5BF958223BFF9B00358D58 /* Main.storyboard in Resources */ = {isa = PBXBuildFile; fileRef = AD5BF956223BFF9B00358D58 /* Main.storyboard */; };
		AD5BF95B223BFF9B00358D58 /* AP_PLUS.xcdatamodeld in Sources */ = {isa = PBXBuildFile; fileRef = AD5BF959223BFF9B00358D58 /* AP_PLUS.xcdatamodeld */; };
		AD5BF95D223BFF9F00358D58 /* Assets.xcassets in Resources */ = {isa = PBXBuildFile; fileRef = AD5BF95C223BFF9F00358D58 /* Assets.xcassets */; };
		AD5BF960223BFF9F00358D58 /* LaunchScreen.storyboard in Resources */ = {isa = PBXBuildFile; fileRef = AD5BF95E223BFF9F00358D58 /* LaunchScreen.storyboard */; };
		AD5BF969223C103D00358D58 /* Settings.swift in Sources */ = {isa = PBXBuildFile; fileRef = AD5BF968223C103D00358D58 /* Settings.swift */; };
		AD5BF96C223C106400358D58 /* Apps.swift in Sources */ = {isa = PBXBuildFile; fileRef = AD5BF96B223C106400358D58 /* Apps.swift */; };
		AD5BF96E223C129E00358D58 /* Constant.swift in Sources */ = {isa = PBXBuildFile; fileRef = AD5BF96D223C129E00358D58 /* Constant.swift */; };
		ADD030FC227917EC00C92FB4 /* AppsCell.swift in Sources */ = {isa = PBXBuildFile; fileRef = ADD030FB227917EC00C92FB4 /* AppsCell.swift */; };
		D41D740069F58405AD98A495 /* Pods_AP_PLUS.framework in Frameworks */ = {isa = PBXBuildFile; fileRef = B3945C8CED8400F2F184B89D /* Pods_AP_PLUS.framework */; };
/* End PBXBuildFile section */

/* Begin PBXFileReference section */
		2828CEF641F9DA4AA44CCB66 /* Pods-AP-PLUS.debug.xcconfig */ = {isa = PBXFileReference; includeInIndex = 1; lastKnownFileType = text.xcconfig; name = "Pods-AP-PLUS.debug.xcconfig"; path = "Pods/Target Support Files/Pods-AP-PLUS/Pods-AP-PLUS.debug.xcconfig"; sourceTree = "<group>"; };
		AD5BF94F223BFF9B00358D58 /* AP-PLUS.app */ = {isa = PBXFileReference; explicitFileType = wrapper.application; includeInIndex = 0; path = "AP-PLUS.app"; sourceTree = BUILT_PRODUCTS_DIR; };
		AD5BF952223BFF9B00358D58 /* AppDelegate.swift */ = {isa = PBXFileReference; lastKnownFileType = sourcecode.swift; path = AppDelegate.swift; sourceTree = "<group>"; };
		AD5BF954223BFF9B00358D58 /* Home.swift */ = {isa = PBXFileReference; lastKnownFileType = sourcecode.swift; path = Home.swift; sourceTree = "<group>"; };
		AD5BF957223BFF9B00358D58 /* Base */ = {isa = PBXFileReference; lastKnownFileType = file.storyboard; name = Base; path = Base.lproj/Main.storyboard; sourceTree = "<group>"; };
		AD5BF95A223BFF9B00358D58 /* AP_PLUS.xcdatamodel */ = {isa = PBXFileReference; lastKnownFileType = wrapper.xcdatamodel; path = AP_PLUS.xcdatamodel; sourceTree = "<group>"; };
		AD5BF95C223BFF9F00358D58 /* Assets.xcassets */ = {isa = PBXFileReference; lastKnownFileType = folder.assetcatalog; path = Assets.xcassets; sourceTree = "<group>"; };
		AD5BF95F223BFF9F00358D58 /* Base */ = {isa = PBXFileReference; lastKnownFileType = file.storyboard; name = Base; path = Base.lproj/LaunchScreen.storyboard; sourceTree = "<group>"; };
		AD5BF961223BFF9F00358D58 /* Info.plist */ = {isa = PBXFileReference; lastKnownFileType = text.plist.xml; path = Info.plist; sourceTree = "<group>"; };
		AD5BF968223C103D00358D58 /* Settings.swift */ = {isa = PBXFileReference; lastKnownFileType = sourcecode.swift; path = Settings.swift; sourceTree = "<group>"; };
		AD5BF96B223C106400358D58 /* Apps.swift */ = {isa = PBXFileReference; lastKnownFileType = sourcecode.swift; path = Apps.swift; sourceTree = "<group>"; };
		AD5BF96D223C129E00358D58 /* Constant.swift */ = {isa = PBXFileReference; lastKnownFileType = sourcecode.swift; path = Constant.swift; sourceTree = "<group>"; };
		ADD030FB227917EC00C92FB4 /* AppsCell.swift */ = {isa = PBXFileReference; lastKnownFileType = sourcecode.swift; path = AppsCell.swift; sourceTree = "<group>"; };
		B3945C8CED8400F2F184B89D /* Pods_AP_PLUS.framework */ = {isa = PBXFileReference; explicitFileType = wrapper.framework; includeInIndex = 0; path = Pods_AP_PLUS.framework; sourceTree = BUILT_PRODUCTS_DIR; };
		B63FC15640B0F2CE76BDE4B4 /* Pods-AP-PLUS.release.xcconfig */ = {isa = PBXFileReference; includeInIndex = 1; lastKnownFileType = text.xcconfig; name = "Pods-AP-PLUS.release.xcconfig"; path = "Pods/Target Support Files/Pods-AP-PLUS/Pods-AP-PLUS.release.xcconfig"; sourceTree = "<group>"; };
/* End PBXFileReference section */

/* Begin PBXFrameworksBuildPhase section */
		AD5BF94C223BFF9A00358D58 /* Frameworks */ = {
			isa = PBXFrameworksBuildPhase;
			buildActionMask = 2147483647;
			files = (
				D41D740069F58405AD98A495 /* Pods_AP_PLUS.framework in Frameworks */,
			);
			runOnlyForDeploymentPostprocessing = 0;
		};
/* End PBXFrameworksBuildPhase section */

/* Begin PBXGroup section */
		90837D05CBD88E8D3CBCB86F /* Pods */ = {
			isa = PBXGroup;
			children = (
				2828CEF641F9DA4AA44CCB66 /* Pods-AP-PLUS.debug.xcconfig */,
				B63FC15640B0F2CE76BDE4B4 /* Pods-AP-PLUS.release.xcconfig */,
			);
			name = Pods;
			sourceTree = "<group>";
		};
		AD5BF946223BFF9A00358D58 = {
			isa = PBXGroup;
			children = (
				AD5BF951223BFF9B00358D58 /* AP-PLUS */,
				AD5BF950223BFF9B00358D58 /* Products */,
				90837D05CBD88E8D3CBCB86F /* Pods */,
				C3FBCDE8B6E7715E38EEEA82 /* Frameworks */,
			);
			sourceTree = "<group>";
		};
		AD5BF950223BFF9B00358D58 /* Products */ = {
			isa = PBXGroup;
			children = (
				AD5BF94F223BFF9B00358D58 /* AP-PLUS.app */,
			);
			name = Products;
			sourceTree = "<group>";
		};
		AD5BF951223BFF9B00358D58 /* AP-PLUS */ = {
			isa = PBXGroup;
			children = (
				ADD030FA227917C100C92FB4 /* Cells */,
				AD5BF96A223C105400358D58 /* Models */,
				AD5BF967223C0FDD00358D58 /* ViewController */,
				AD5BF952223BFF9B00358D58 /* AppDelegate.swift */,
				AD5BF956223BFF9B00358D58 /* Main.storyboard */,
				AD5BF95C223BFF9F00358D58 /* Assets.xcassets */,
				AD5BF95E223BFF9F00358D58 /* LaunchScreen.storyboard */,
				AD5BF961223BFF9F00358D58 /* Info.plist */,
				AD5BF959223BFF9B00358D58 /* AP_PLUS.xcdatamodeld */,
			);
			path = "AP-PLUS";
			sourceTree = "<group>";
		};
		AD5BF967223C0FDD00358D58 /* ViewController */ = {
			isa = PBXGroup;
			children = (
				AD5BF954223BFF9B00358D58 /* Home.swift */,
				AD5BF968223C103D00358D58 /* Settings.swift */,
			);
			path = ViewController;
			sourceTree = "<group>";
		};
		AD5BF96A223C105400358D58 /* Models */ = {
			isa = PBXGroup;
			children = (
				AD5BF96B223C106400358D58 /* Apps.swift */,
				AD5BF96D223C129E00358D58 /* Constant.swift */,
			);
			path = Models;
			sourceTree = "<group>";
		};
		ADD030FA227917C100C92FB4 /* Cells */ = {
			isa = PBXGroup;
			children = (
				ADD030FB227917EC00C92FB4 /* AppsCell.swift */,
			);
			path = Cells;
			sourceTree = "<group>";
		};
		C3FBCDE8B6E7715E38EEEA82 /* Frameworks */ = {
			isa = PBXGroup;
			children = (
				B3945C8CED8400F2F184B89D /* Pods_AP_PLUS.framework */,
			);
			name = Frameworks;
			sourceTree = "<group>";
		};
/* End PBXGroup section */

/* Begin PBXNativeTarget section */
		AD5BF94E223BFF9A00358D58 /* AP-PLUS */ = {
			isa = PBXNativeTarget;
			buildConfigurationList = AD5BF964223BFF9F00358D58 /* Build configuration list for PBXNativeTarget "AP-PLUS" */;
			buildPhases = (
				269A7182620837009CA2F5FA /* [CP] Check Pods Manifest.lock */,
				AD5BF94B223BFF9A00358D58 /* Sources */,
				AD5BF94C223BFF9A00358D58 /* Frameworks */,
				AD5BF94D223BFF9A00358D58 /* Resources */,
				2202278AD0F022FADCCC2EBF /* [CP] Embed Pods Frameworks */,
			);
			buildRules = (
			);
			dependencies = (
			);
			name = "AP-PLUS";
			productName = "AP-PLUS";
			productReference = AD5BF94F223BFF9B00358D58 /* AP-PLUS.app */;
			productType = "com.apple.product-type.application";
		};
/* End PBXNativeTarget section */

/* Begin PBXProject section */
		AD5BF947223BFF9A00358D58 /* Project object */ = {
			isa = PBXProject;
			attributes = {
				LastSwiftUpdateCheck = 1010;
				LastUpgradeCheck = 1010;
				TargetAttributes = {
					AD5BF94E223BFF9A00358D58 = {
						CreatedOnToolsVersion = 10.1;
					};
				};
			};
			buildConfigurationList = AD5BF94A223BFF9A00358D58 /* Build configuration list for PBXProject "AP-PLUS" */;
			compatibilityVersion = "Xcode 9.3";
			developmentRegion = en;
			hasScannedForEncodings = 0;
			knownRegions = (
				en,
				Base,
			);
			mainGroup = AD5BF946223BFF9A00358D58;
			productRefGroup = AD5BF950223BFF9B00358D58 /* Products */;
			projectDirPath = "";
			projectRoot = "";
			targets = (
				AD5BF94E223BFF9A00358D58 /* AP-PLUS */,
			);
		};
/* End PBXProject section */

/* Begin PBXResourcesBuildPhase section */
		AD5BF94D223BFF9A00358D58 /* Resources */ = {
			isa = PBXResourcesBuildPhase;
			buildActionMask = 2147483647;
			files = (
				AD5BF960223BFF9F00358D58 /* LaunchScreen.storyboard in Resources */,
				AD5BF95D223BFF9F00358D58 /* Assets.xcassets in Resources */,
				AD5BF958223BFF9B00358D58 /* Main.storyboard in Resources */,
			);
			runOnlyForDeploymentPostprocessing = 0;
		};
/* End PBXResourcesBuildPhase section */

/* Begin PBXShellScriptBuildPhase section */
		2202278AD0F022FADCCC2EBF /* [CP] Embed Pods Frameworks */ = {
			isa = PBXShellScriptBuildPhase;
			buildActionMask = 2147483647;
			files = (
			);
			inputFileListPaths = (
			);
			inputPaths = (
				"${SRCROOT}/Pods/Target Support Files/Pods-AP-PLUS/Pods-AP-PLUS-frameworks.sh",
				"${BUILT_PRODUCTS_DIR}/Alamofire/Alamofire.framework",
				"${BUILT_PRODUCTS_DIR}/ObjectMapper/ObjectMapper.framework",
				"${BUILT_PRODUCTS_DIR}/SDWebImage/SDWebImage.framework",
				"${BUILT_PRODUCTS_DIR}/libwebp/libwebp.framework",
			);
			name = "[CP] Embed Pods Frameworks";
			outputFileListPaths = (
			);
			outputPaths = (
				"${TARGET_BUILD_DIR}/${FRAMEWORKS_FOLDER_PATH}/Alamofire.framework",
				"${TARGET_BUILD_DIR}/${FRAMEWORKS_FOLDER_PATH}/ObjectMapper.framework",
				"${TARGET_BUILD_DIR}/${FRAMEWORKS_FOLDER_PATH}/SDWebImage.framework",
				"${TARGET_BUILD_DIR}/${FRAMEWORKS_FOLDER_PATH}/libwebp.framework",
			);
			runOnlyForDeploymentPostprocessing = 0;
			shellPath = /bin/sh;
			shellScript = "\"${SRCROOT}/Pods/Target Support Files/Pods-AP-PLUS/Pods-AP-PLUS-frameworks.sh\"\n";
			showEnvVarsInLog = 0;
		};
		269A7182620837009CA2F5FA /* [CP] Check Pods Manifest.lock */ = {
			isa = PBXShellScriptBuildPhase;
			buildActionMask = 2147483647;
			files = (
			);
			inputFileListPaths = (
			);
			inputPaths = (
				"${PODS_PODFILE_DIR_PATH}/Podfile.lock",
				"${PODS_ROOT}/Manifest.lock",
			);
			name = "[CP] Check Pods Manifest.lock";
			outputFileListPaths = (
			);
			outputPaths = (
				"$(DERIVED_FILE_DIR)/Pods-AP-PLUS-checkManifestLockResult.txt",
			);
			runOnlyForDeploymentPostprocessing = 0;
			shellPath = /bin/sh;
			shellScript = "diff \"${PODS_PODFILE_DIR_PATH}/Podfile.lock\" \"${PODS_ROOT}/Manifest.lock\" > /dev/null\nif [ $? != 0 ] ; then\n    # print error to STDERR\n    echo \"error: The sandbox is not in sync with the Podfile.lock. Run 'pod install' or update your CocoaPods installation.\" >&2\n    exit 1\nfi\n# This output is used by Xcode 'outputs' to avoid re-running this script phase.\necho \"SUCCESS\" > \"${SCRIPT_OUTPUT_FILE_0}\"\n";
			showEnvVarsInLog = 0;
		};
/* End PBXShellScriptBuildPhase section */

/* Begin PBXSourcesBuildPhase section */
		AD5BF94B223BFF9A00358D58 /* Sources */ = {
			isa = PBXSourcesBuildPhase;
			buildActionMask = 2147483647;
			files = (
				AD5BF95B223BFF9B00358D58 /* AP_PLUS.xcdatamodeld in Sources */,
				ADD030FC227917EC00C92FB4 /* AppsCell.swift in Sources */,
				AD5BF955223BFF9B00358D58 /* Home.swift in Sources */,
				AD5BF96C223C106400358D58 /* Apps.swift in Sources */,
				AD5BF969223C103D00358D58 /* Settings.swift in Sources */,
				AD5BF953223BFF9B00358D58 /* AppDelegate.swift in Sources */,
				AD5BF96E223C129E00358D58 /* Constant.swift in Sources */,
			);
			runOnlyForDeploymentPostprocessing = 0;
		};
/* End PBXSourcesBuildPhase section */

/* Begin PBXVariantGroup section */
		AD5BF956223BFF9B00358D58 /* Main.storyboard */ = {
			isa = PBXVariantGroup;
			children = (
				AD5BF957223BFF9B00358D58 /* Base */,
			);
			name = Main.storyboard;
			sourceTree = "<group>";
		};
		AD5BF95E223BFF9F00358D58 /* LaunchScreen.storyboard */ = {
			isa = PBXVariantGroup;
			children = (
				AD5BF95F223BFF9F00358D58 /* Base */,
			);
			name = LaunchScreen.storyboard;
			sourceTree = "<group>";
		};
/* End PBXVariantGroup section */

/* Begin XCBuildConfiguration section */
		AD5BF962223BFF9F00358D58 /* Debug */ = {
			isa = XCBuildConfiguration;
			buildSettings = {
				ALWAYS_SEARCH_USER_PATHS = NO;
				CLANG_ANALYZER_NONNULL = YES;
				CLANG_ANALYZER_NUMBER_OBJECT_CONVERSION = YES_AGGRESSIVE;
				CLANG_CXX_LANGUAGE_STANDARD = "gnu++14";
				CLANG_CXX_LIBRARY = "libc++";
				CLANG_ENABLE_MODULES = YES;
				CLANG_ENABLE_OBJC_ARC = YES;
				CLANG_ENABLE_OBJC_WEAK = YES;
				CLANG_WARN_BLOCK_CAPTURE_AUTORELEASING = YES;
				CLANG_WARN_BOOL_CONVERSION = YES;
				CLANG_WARN_COMMA = YES;
				CLANG_WARN_CONSTANT_CONVERSION = YES;
				CLANG_WARN_DEPRECATED_OBJC_IMPLEMENTATIONS = YES;
				CLANG_WARN_DIRECT_OBJC_ISA_USAGE = YES_ERROR;
				CLANG_WARN_DOCUMENTATION_COMMENTS = YES;
				CLANG_WARN_EMPTY_BODY = YES;
				CLANG_WARN_ENUM_CONVERSION = YES;
				CLANG_WARN_INFINITE_RECURSION = YES;
				CLANG_WARN_INT_CONVERSION = YES;
				CLANG_WARN_NON_LITERAL_NULL_CONVERSION = YES;
				CLANG_WARN_OBJC_IMPLICIT_RETAIN_SELF = YES;
				CLANG_WARN_OBJC_LITERAL_CONVERSION = YES;
				CLANG_WARN_OBJC_ROOT_CLASS = YES_ERROR;
				CLANG_WARN_RANGE_LOOP_ANALYSIS = YES;
				CLANG_WARN_STRICT_PROTOTYPES = YES;
				CLANG_WARN_SUSPICIOUS_MOVE = YES;
				CLANG_WARN_UNGUARDED_AVAILABILITY = YES_AGGRESSIVE;
				CLANG_WARN_UNREACHABLE_CODE = YES;
				CLANG_WARN__DUPLICATE_METHOD_MATCH = YES;
				CODE_SIGN_IDENTITY = "iPhone Developer";
				COPY_PHASE_STRIP = NO;
				DEBUG_INFORMATION_FORMAT = dwarf;
				ENABLE_STRICT_OBJC_MSGSEND = YES;
				ENABLE_TESTABILITY = YES;
				GCC_C_LANGUAGE_STANDARD = gnu11;
				GCC_DYNAMIC_NO_PIC = NO;
				GCC_NO_COMMON_BLOCKS = YES;
				GCC_OPTIMIZATION_LEVEL = 0;
				GCC_PREPROCESSOR_DEFINITIONS = (
					"DEBUG=1",
					"$(inherited)",
				);
				GCC_WARN_64_TO_32_BIT_CONVERSION = YES;
				GCC_WARN_ABOUT_RETURN_TYPE = YES_ERROR;
				GCC_WARN_UNDECLARED_SELECTOR = YES;
				GCC_WARN_UNINITIALIZED_AUTOS = YES_AGGRESSIVE;
				GCC_WARN_UNUSED_FUNCTION = YES;
				GCC_WARN_UNUSED_VARIABLE = YES;
				IPHONEOS_DEPLOYMENT_TARGET = 12.1;
				MTL_ENABLE_DEBUG_INFO = INCLUDE_SOURCE;
				MTL_FAST_MATH = YES;
				ONLY_ACTIVE_ARCH = YES;
				SDKROOT = iphoneos;
				SWIFT_ACTIVE_COMPILATION_CONDITIONS = DEBUG;
				SWIFT_OPTIMIZATION_LEVEL = "-Onone";
			};
			name = Debug;
		};
		AD5BF963223BFF9F00358D58 /* Release */ = {
			isa = XCBuildConfiguration;
			buildSettings = {
				ALWAYS_SEARCH_USER_PATHS = NO;
				CLANG_ANALYZER_NONNULL = YES;
				CLANG_ANALYZER_NUMBER_OBJECT_CONVERSION = YES_AGGRESSIVE;
				CLANG_CXX_LANGUAGE_STANDARD = "gnu++14";
				CLANG_CXX_LIBRARY = "libc++";
				CLANG_ENABLE_MODULES = YES;
				CLANG_ENABLE_OBJC_ARC = YES;
				CLANG_ENABLE_OBJC_WEAK = YES;
				CLANG_WARN_BLOCK_CAPTURE_AUTORELEASING = YES;
				CLANG_WARN_BOOL_CONVERSION = YES;
				CLANG_WARN_COMMA = YES;
				CLANG_WARN_CONSTANT_CONVERSION = YES;
				CLANG_WARN_DEPRECATED_OBJC_IMPLEMENTATIONS = YES;
				CLANG_WARN_DIRECT_OBJC_ISA_USAGE = YES_ERROR;
				CLANG_WARN_DOCUMENTATION_COMMENTS = YES;
				CLANG_WARN_EMPTY_BODY = YES;
				CLANG_WARN_ENUM_CONVERSION = YES;
				CLANG_WARN_INFINITE_RECURSION = YES;
				CLANG_WARN_INT_CONVERSION = YES;
				CLANG_WARN_NON_LITERAL_NULL_CONVERSION = YES;
				CLANG_WARN_OBJC_IMPLICIT_RETAIN_SELF = YES;
				CLANG_WARN_OBJC_LITERAL_CONVERSION = YES;
				CLANG_WARN_OBJC_ROOT_CLASS = YES_ERROR;
				CLANG_WARN_RANGE_LOOP_ANALYSIS = YES;
				CLANG_WARN_STRICT_PROTOTYPES = YES;
				CLANG_WARN_SUSPICIOUS_MOVE = YES;
				CLANG_WARN_UNGUARDED_AVAILABILITY = YES_AGGRESSIVE;
				CLANG_WARN_UNREACHABLE_CODE = YES;
				CLANG_WARN__DUPLICATE_METHOD_MATCH = YES;
				CODE_SIGN_IDENTITY = "iPhone Developer";
				COPY_PHASE_STRIP = NO;
				DEBUG_INFORMATION_FORMAT = "dwarf-with-dsym";
				ENABLE_NS_ASSERTIONS = NO;
				ENABLE_STRICT_OBJC_MSGSEND = YES;
				GCC_C_LANGUAGE_STANDARD = gnu11;
				GCC_NO_COMMON_BLOCKS = YES;
				GCC_WARN_64_TO_32_BIT_CONVERSION = YES;
				GCC_WARN_ABOUT_RETURN_TYPE = YES_ERROR;
				GCC_WARN_UNDECLARED_SELECTOR = YES;
				GCC_WARN_UNINITIALIZED_AUTOS = YES_AGGRESSIVE;
				GCC_WARN_UNUSED_FUNCTION = YES;
				GCC_WARN_UNUSED_VARIABLE = YES;
				IPHONEOS_DEPLOYMENT_TARGET = 12.1;
				MTL_ENABLE_DEBUG_INFO = NO;
				MTL_FAST_MATH = YES;
				SDKROOT = iphoneos;
				SWIFT_COMPILATION_MODE = wholemodule;
				SWIFT_OPTIMIZATION_LEVEL = "-O";
				VALIDATE_PRODUCT = YES;
			};
			name = Release;
		};
		AD5BF965223BFF9F00358D58 /* Debug */ = {
			isa = XCBuildConfiguration;
			baseConfigurationReference = 2828CEF641F9DA4AA44CCB66 /* Pods-AP-PLUS.debug.xcconfig */;
			buildSettings = {
				ASSETCATALOG_COMPILER_APPICON_NAME = AppIcon;
				CODE_SIGN_STYLE = Automatic;
				DEVELOPMENT_TEAM = 427426WF3H;
				INFOPLIST_FILE = "AP-PLUS/Info.plist";
				LD_RUNPATH_SEARCH_PATHS = (
					"$(inherited)",
					"@executable_path/Frameworks",
				);
				PRODUCT_BUNDLE_IDENTIFIER = "NFDEV.AP-PLUS";
				PRODUCT_NAME = "$(TARGET_NAME)";
				SWIFT_VERSION = 4.2;
				TARGETED_DEVICE_FAMILY = "1,2";
			};
			name = Debug;
		};
		AD5BF966223BFF9F00358D58 /* Release */ = {
			isa = XCBuildConfiguration;
			baseConfigurationReference = B63FC15640B0F2CE76BDE4B4 /* Pods-AP-PLUS.release.xcconfig */;
			buildSettings = {
				ASSETCATALOG_COMPILER_APPICON_NAME = AppIcon;
				CODE_SIGN_STYLE = Automatic;
				DEVELOPMENT_TEAM = 427426WF3H;
				INFOPLIST_FILE = "AP-PLUS/Info.plist";
				LD_RUNPATH_SEARCH_PATHS = (
					"$(inherited)",
					"@executable_path/Frameworks",
				);
				PRODUCT_BUNDLE_IDENTIFIER = "NFDEV.AP-PLUS";
				PRODUCT_NAME = "$(TARGET_NAME)";
				SWIFT_VERSION = 4.2;
				TARGETED_DEVICE_FAMILY = "1,2";
			};
			name = Release;
		};
/* End XCBuildConfiguration section */

/* Begin XCConfigurationList section */
		AD5BF94A223BFF9A00358D58 /* Build configuration list for PBXProject "AP-PLUS" */ = {
			isa = XCConfigurationList;
			buildConfigurations = (
				AD5BF962223BFF9F00358D58 /* Debug */,
				AD5BF963223BFF9F00358D58 /* Release */,
			);
			defaultConfigurationIsVisible = 0;
			defaultConfigurationName = Release;
		};
		AD5BF964223BFF9F00358D58 /* Build configuration list for PBXNativeTarget "AP-PLUS" */ = {
			isa = XCConfigurationList;
			buildConfigurations = (
				AD5BF965223BFF9F00358D58 /* Debug */,
				AD5BF966223BFF9F00358D58 /* Release */,
			);
			defaultConfigurationIsVisible = 0;
			defaultConfigurationName = Release;
		};
/* End XCConfigurationList section */

/* Begin XCVersionGroup section */
		AD5BF959223BFF9B00358D58 /* AP_PLUS.xcdatamodeld */ = {
			isa = XCVersionGroup;
			children = (
				AD5BF95A223BFF9B00358D58 /* AP_PLUS.xcdatamodel */,
			);
			currentVersion = AD5BF95A223BFF9B00358D58 /* AP_PLUS.xcdatamodel */;
			path = AP_PLUS.xcdatamodeld;
			sourceTree = "<group>";
			versionGroupType = wrapper.xcdatamodel;
		};
/* End XCVersionGroup section */
	};
	rootObject = AD5BF947223BFF9A00358D58 /* Project object */;
}
